Microsoft Visual Studio Solution File, Format Version 12.00
# Visual Studio 2012
Project("{FAE04EC0-301F-11D3-BF4B-00C04F79EFBC}") = "Adam", "Adam.csproj", "{4791120F-79E2-46F6-86E2-FBB5F813E1C7}"
EndProject
Global
	GlobalSection(SolutionConfigurationPlatforms) = preSolution
	Debug|Any CPU = Debug|Any CPU
	ExportDebug|Any CPU = ExportDebug|Any CPU
	ExportRelease|Any CPU = ExportRelease|Any CPU
	EndGlobalSection
	GlobalSection(ProjectConfigurationPlatforms) = postSolution
		{4791120F-79E2-46F6-86E2-FBB5F813E1C7}.Debug|Any CPU.ActiveCfg = Debug|Any CPU
		{4791120F-79E2-46F6-86E2-FBB5F813E1C7}.Debug|Any CPU.Build.0 = Debug|Any CPU
		{4791120F-79E2-46F6-86E2-FBB5F813E1C7}.ExportDebug|Any CPU.ActiveCfg = ExportDebug|Any CPU
		{4791120F-79E2-46F6-86E2-FBB5F813E1C7}.ExportDebug|Any CPU.Build.0 = ExportDebug|Any CPU
		{4791120F-79E2-46F6-86E2-FBB5F813E1C7}.ExportRelease|Any CPU.ActiveCfg = ExportRelease|Any CPU
		{4791120F-79E2-46F6-86E2-FBB5F813E1C7}.ExportRelease|Any CPU.Build.0 = ExportRelease|Any CPU
	EndGlobalSection
EndGlobal
